
Microsoft Visual Studio Solution File, Format Version 12.00
# Visual Studio 14
VisualStudioVersion = 14.0.25420.1
MinimumVisualStudioVersion = 10.0.40219.1
Project("{FAE04EC0-301F-11D3-BF4B-00C04F79EFBC}") = "ForumSystem", "ForumSystem\ForumSystem.csproj", "{4EDEF90C-CB84-41F3-8929-E1202F0C4F06}"
EndProject
Project("{FAE04EC0-301F-11D3-BF4B-00C04F79EFBC}") = "ForumSystem.Data", "ForumSystem.Data\ForumSystem.Data.csproj", "{EB1EA7E9-6030-4334-A7F9-429AA0DC8C62}"
EndProject
Project("{FAE04EC0-301F-11D3-BF4B-00C04F79EFBC}") = "ForumSystem.Models", "ForumSystem.Models\ForumSystem.Models.csproj", "{B32700B8-AF7B-4D28-AC2B-F079DBF5F951}"
EndProject
Project("{FAE04EC0-301F-11D3-BF4B-00C04F79EFBC}") = "ForumSystem.Common", "ForumSystem.Common\ForumSystem.Common.csproj", "{5E411593-9258-49A9-A25E-AF8C2832F063}"
EndProject
Project("{FAE04EC0-301F-11D3-BF4B-00C04F79EFBC}") = "ForumSystem.Services", "ForumSystem.Services\ForumSystem.Services.csproj", "{8D35DD0A-4FA2-43E8-8D3B-D045FCA67F01}"
EndProject
Global
	GlobalSection(SolutionConfigurationPlatforms) = preSolution
		Debug|Any CPU = Debug|Any CPU
		Release|Any CPU = Release|Any CPU
	EndGlobalSection
	GlobalSection(ProjectConfigurationPlatforms) = postSolution
		{4EDEF90C-CB84-41F3-8929-E1202F0C4F06}.Debug|Any CPU.ActiveCfg = Debug|Any CPU
		{4EDEF90C-CB84-41F3-8929-E1202F0C4F06}.Debug|Any CPU.Build.0 = Debug|Any CPU
		{4EDEF90C-CB84-41F3-8929-E1202F0C4F06}.Release|Any CPU.ActiveCfg = Release|Any CPU
		{4EDEF90C-CB84-41F3-8929-E1202F0C4F06}.Release|Any CPU.Build.0 = Release|Any CPU
		{EB1EA7E9-6030-4334-A7F9-429AA0DC8C62}.Debug|Any CPU.ActiveCfg = Debug|Any CPU
		{EB1EA7E9-6030-4334-A7F9-429AA0DC8C62}.Debug|Any CPU.Build.0 = Debug|Any CPU
		{EB1EA7E9-6030-4334-A7F9-429AA0DC8C62}.Release|Any CPU.ActiveCfg = Release|Any CPU
		{EB1EA7E9-6030-4334-A7F9-429AA0DC8C62}.Release|Any CPU.Build.0 = Release|Any CPU
		{B32700B8-AF7B-4D28-AC2B-F079DBF5F951}.Debug|Any CPU.ActiveCfg = Debug|Any CPU
		{B32700B8-AF7B-4D28-AC2B-F079DBF5F951}.Debug|Any CPU.Build.0 = Debug|Any CPU
		{B32700B8-AF7B-4D28-AC2B-F079DBF5F951}.Release|Any CPU.ActiveCfg = Release|Any CPU
		{B32700B8-AF7B-4D28-AC2B-F079DBF5F951}.Release|Any CPU.Build.0 = Release|Any CPU
		{5E411593-9258-49A9-A25E-AF8C2832F063}.Debug|Any CPU.ActiveCfg = Debug|Any CPU
		{5E411593-9258-49A9-A25E-AF8C2832F063}.Debug|Any CPU.Build.0 = Debug|Any CPU
		{5E411593-9258-49A9-A25E-AF8C2832F063}.Release|Any CPU.ActiveCfg = Release|Any CPU
		{5E411593-9258-49A9-A25E-AF8C2832F063}.Release|Any CPU.Build.0 = Release|Any CPU
		{8D35DD0A-4FA2-43E8-8D3B-D045FCA67F01}.Debug|Any CPU.ActiveCfg = Debug|Any CPU
		{8D35DD0A-4FA2-43E8-8D3B-D045FCA67F01}.Debug|Any CPU.Build.0 = Debug|Any CPU
		{8D35DD0A-4FA2-43E8-8D3B-D045FCA67F01}.Release|Any CPU.ActiveCfg = Release|Any CPU
		{8D35DD0A-4FA2-43E8-8D3B-D045FCA67F01}.Release|Any CPU.Build.0 = Release|Any CPU
	EndGlobalSection
	GlobalSection(SolutionProperties) = preSolution
		HideSolutionNode = FALSE
	EndGlobalSection
EndGlobal
